
Microsoft Visual Studio Solution File, Format Version 12.00
# Visual Studio Version 16
VisualStudioVersion = 16.0.32802.440
MinimumVisualStudioVersion = 10.0.40219.1
Project("{FAE04EC0-301F-11D3-BF4B-00C04F79EFBC}") = "testEntPlum", "testEntPlum\testEntPlum.csproj", "{E2F4FBF5-0879-4F61-AFD5-A9D6C1B4C024}"
EndProject
Global
	GlobalSection(SolutionConfigurationPlatforms) = preSolution
		Debug|Any CPU = Debug|Any CPU
		Release|Any CPU = Release|Any CPU
	EndGlobalSection
	GlobalSection(ProjectConfigurationPlatforms) = postSolution
		{E2F4FBF5-0879-4F61-AFD5-A9D6C1B4C024}.Debug|Any CPU.ActiveCfg = Debug|Any CPU
		{E2F4FBF5-0879-4F61-AFD5-A9D6C1B4C024}.Debug|Any CPU.Build.0 = Debug|Any CPU
		{E2F4FBF5-0879-4F61-AFD5-A9D6C1B4C024}.Release|Any CPU.ActiveCfg = Release|Any CPU
		{E2F4FBF5-0879-4F61-AFD5-A9D6C1B4C024}.Release|Any CPU.Build.0 = Release|Any CPU
	EndGlobalSection
	GlobalSection(SolutionProperties) = preSolution
		HideSolutionNode = FALSE
	EndGlobalSection
	GlobalSection(ExtensibilityGlobals) = postSolution
		SolutionGuid = {518E8A77-7B46-4E4D-BC7D-71DFCF5E5BBE}
	EndGlobalSection
EndGlobal
